<?xml version="1.0" encoding="utf-8"?>
<Project ToolsVersion="4.0" xmlns="http://schemas.microsoft.com/developer/msbuild/2003">
  <ItemGroup>
    <Filter Include="Borealis">
      <UniqueIdentifier>{765073D6-621D-CEE1-8B36-BC8977620370}</UniqueIdentifier>
    </Filter>
    <Filter Include="Borealis\Events">
      <UniqueIdentifier>{9A1B67FB-06A7-D4BF-0FB8-57B47BC230C0}</UniqueIdentifier>
    </Filter>
    <Filter Include="Borealis\ImGui">
      <UniqueIdentifier>{20C60FC2-0C94-03C8-F527-74EEE194DF2C}</UniqueIdentifier>
    </Filter>
    <Filter Include="Platform">
      <UniqueIdentifier>{2AC788B4-1694-E3BF-3FAD-D1672BD9184E}</UniqueIdentifier>
    </Filter>
    <Filter Include="Platform\OpenGL">
      <UniqueIdentifier>{1E7D2C1D-8A08-9AE1-9319-1DD6FF23F6E1}</UniqueIdentifier>
    </Filter>
    <Filter Include="Platform\Windows">
      <UniqueIdentifier>{64FBD71A-50F4-F66C-7926-DCF1657ED678}</UniqueIdentifier>
    </Filter>
  </ItemGroup>
  <ItemGroup>
    <ClInclude Include="src\Borealis.h" />
    <ClInclude Include="src\Borealis\Application.h">
      <Filter>Borealis</Filter>
    </ClInclude>
    <ClInclude Include="src\Borealis\Core.h">
      <Filter>Borealis</Filter>
    </ClInclude>
    <ClInclude Include="src\Borealis\EntryPoint.h">
      <Filter>Borealis</Filter>
    </ClInclude>
    <ClInclude Include="src\Borealis\Events\ApplicationEvent.h">
      <Filter>Borealis\Events</Filter>
    </ClInclude>
    <ClInclude Include="src\Borealis\Events\Event.h">
      <Filter>Borealis\Events</Filter>
    </ClInclude>
    <ClInclude Include="src\Borealis\Events\KeyEvent.h">
      <Filter>Borealis\Events</Filter>
    </ClInclude>
    <ClInclude Include="src\Borealis\Events\MouseEvent.h">
      <Filter>Borealis\Events</Filter>
    </ClInclude>
    <ClInclude Include="src\Borealis\ImGui\ImGuiLayer.h">
      <Filter>Borealis\ImGui</Filter>
    </ClInclude>
    <ClInclude Include="src\Borealis\Layer.h">
      <Filter>Borealis</Filter>
    </ClInclude>
    <ClInclude Include="src\Borealis\LayerStack.h">
      <Filter>Borealis</Filter>
    </ClInclude>
    <ClInclude Include="src\Borealis\Log.h">
      <Filter>Borealis</Filter>
    </ClInclude>
    <ClInclude Include="src\Borealis\Window.h">
      <Filter>Borealis</Filter>
    </ClInclude>
    <ClInclude Include="src\Platform\OpenGL\ImGuiOpenGLRenderer.h">
      <Filter>Platform\OpenGL</Filter>
    </ClInclude>
    <ClInclude Include="src\Platform\Windows\WindowsWindow.h">
      <Filter>Platform\Windows</Filter>
    </ClInclude>
    <ClInclude Include="src\bopch.h" />
  </ItemGroup>
  <ItemGroup>
    <ClCompile Include="src\Borealis\Application.cpp">
      <Filter>Borealis</Filter>
    </ClCompile>
    <ClCompile Include="src\Borealis\ImGui\ImGuiLayer.cpp">
      <Filter>Borealis\ImGui</Filter>
    </ClCompile>
    <ClCompile Include="src\Borealis\Layer.cpp">
      <Filter>Borealis</Filter>
    </ClCompile>
    <ClCompile Include="src\Borealis\LayerStack.cpp">
      <Filter>Borealis</Filter>
    </ClCompile>
    <ClCompile Include="src\Borealis\Log.cpp">
      <Filter>Borealis</Filter>
    </ClCompile>
    <ClCompile Include="src\Platform\OpenGL\ImGuiOpenGLRenderer.cpp">
      <Filter>Platform\OpenGL</Filter>
    </ClCompile>
    <ClCompile Include="src\Platform\Windows\WindowsWindow.cpp">
      <Filter>Platform\Windows</Filter>
    </ClCompile>
    <ClCompile Include="src\bopch.cpp" />
  </ItemGroup>
</Project>